
Microsoft Visual Studio Solution File, Format Version 12.00
# Visual Studio Version 17
VisualStudioVersion = 17.0.32112.339
MinimumVisualStudioVersion = 10.0.40219.1
Project("{FAE04EC0-301F-11D3-BF4B-00C04F79EFBC}") = "MoveObject", "MoveObject.csproj", "{F1813A47-07F0-444E-BA7D-EA198622A22E}"
EndProject
Global
	GlobalSection(SolutionConfigurationPlatforms) = preSolution
		Debug|Any CPU = Debug|Any CPU
		Release|Any CPU = Release|Any CPU
	EndGlobalSection
	GlobalSection(ProjectConfigurationPlatforms) = postSolution
		{F1813A47-07F0-444E-BA7D-EA198622A22E}.Debug|Any CPU.ActiveCfg = Debug|Any CPU
		{F1813A47-07F0-444E-BA7D-EA198622A22E}.Debug|Any CPU.Build.0 = Debug|Any CPU
		{F1813A47-07F0-444E-BA7D-EA198622A22E}.Release|Any CPU.ActiveCfg = Release|Any CPU
		{F1813A47-07F0-444E-BA7D-EA198622A22E}.Release|Any CPU.Build.0 = Release|Any CPU
	EndGlobalSection
	GlobalSection(SolutionProperties) = preSolution
		HideSolutionNode = FALSE
	EndGlobalSection
	GlobalSection(ExtensibilityGlobals) = postSolution
		SolutionGuid = {DC44DF31-813F-43AA-92CC-EC9E74D9D0D0}
	EndGlobalSection
EndGlobal
