
Microsoft Visual Studio Solution File, Format Version 12.00
# Visual Studio Version 17
VisualStudioVersion = 17.0.32112.339
MinimumVisualStudioVersion = 10.0.40219.1
Project("{FAE04EC0-301F-11D3-BF4B-00C04F79EFBC}") = "HieuChinhPhanSo", "HieuChinhPhanSo.csproj", "{14D85455-E392-499C-924A-695C6F86BF00}"
EndProject
Global
	GlobalSection(SolutionConfigurationPlatforms) = preSolution
		Debug|Any CPU = Debug|Any CPU
		Release|Any CPU = Release|Any CPU
	EndGlobalSection
	GlobalSection(ProjectConfigurationPlatforms) = postSolution
		{14D85455-E392-499C-924A-695C6F86BF00}.Debug|Any CPU.ActiveCfg = Debug|Any CPU
		{14D85455-E392-499C-924A-695C6F86BF00}.Debug|Any CPU.Build.0 = Debug|Any CPU
		{14D85455-E392-499C-924A-695C6F86BF00}.Release|Any CPU.ActiveCfg = Release|Any CPU
		{14D85455-E392-499C-924A-695C6F86BF00}.Release|Any CPU.Build.0 = Release|Any CPU
	EndGlobalSection
	GlobalSection(SolutionProperties) = preSolution
		HideSolutionNode = FALSE
	EndGlobalSection
	GlobalSection(ExtensibilityGlobals) = postSolution
		SolutionGuid = {30F8A840-99FC-4CB7-9B59-06F230810466}
	EndGlobalSection
EndGlobal
